
Microsoft Visual Studio Solution File, Format Version 12.00
# Visual Studio Version 17
VisualStudioVersion = 17.11.35327.3
MinimumVisualStudioVersion = 10.0.40219.1
Project("{2150E333-8FDC-42A3-9474-1A3956D46DE8}") = "Solution Items", "Solution Items", "{F2EDB193-115B-4130-AD44-028CE42D5370}"
	ProjectSection(SolutionItems) = preProject
		.gitattributes = .gitattributes
		.gitignore = .gitignore
		README.md = README.md
	EndProjectSection
EndProject
Project("{2150E333-8FDC-42A3-9474-1A3956D46DE8}") = "Docs", "Docs", "{B5499DCC-11B1-4184-9B5F-EB6698ED81CC}"
	ProjectSection(SolutionItems) = preProject
		Docs\InformationalWebsites.md = Docs\InformationalWebsites.md
		Docs\MultiplayerNetworkArchitectures.md = Docs\MultiplayerNetworkArchitectures.md
		Docs\TCP_VS_UDP.md = Docs\TCP_VS_UDP.md
	EndProjectSection
EndProject
Project("{FAE04EC0-301F-11D3-BF4B-00C04F79EFBC}") = "MultiplayerSystem", "MultiplayerSystem\MultiplayerSystem.csproj", "{B08BC413-A0C5-4E1D-A43F-38828D441675}"
EndProject
Project("{FAE04EC0-301F-11D3-BF4B-00C04F79EFBC}") = "MultiplayerSystemTestConsole", "MultiplayerSystemTestConsole\MultiplayerSystemTestConsole.csproj", "{97D418E8-2ED9-4203-8558-DA9178FC27A5}"
EndProject
Global
	GlobalSection(SolutionConfigurationPlatforms) = preSolution
		Debug|Any CPU = Debug|Any CPU
		Release|Any CPU = Release|Any CPU
	EndGlobalSection
	GlobalSection(ProjectConfigurationPlatforms) = postSolution
		{B08BC413-A0C5-4E1D-A43F-38828D441675}.Debug|Any CPU.ActiveCfg = Debug|Any CPU
		{B08BC413-A0C5-4E1D-A43F-38828D441675}.Debug|Any CPU.Build.0 = Debug|Any CPU
		{B08BC413-A0C5-4E1D-A43F-38828D441675}.Release|Any CPU.ActiveCfg = Release|Any CPU
		{B08BC413-A0C5-4E1D-A43F-38828D441675}.Release|Any CPU.Build.0 = Release|Any CPU
		{97D418E8-2ED9-4203-8558-DA9178FC27A5}.Debug|Any CPU.ActiveCfg = Debug|Any CPU
		{97D418E8-2ED9-4203-8558-DA9178FC27A5}.Debug|Any CPU.Build.0 = Debug|Any CPU
		{97D418E8-2ED9-4203-8558-DA9178FC27A5}.Release|Any CPU.ActiveCfg = Release|Any CPU
		{97D418E8-2ED9-4203-8558-DA9178FC27A5}.Release|Any CPU.Build.0 = Release|Any CPU
	EndGlobalSection
	GlobalSection(SolutionProperties) = preSolution
		HideSolutionNode = FALSE
	EndGlobalSection
	GlobalSection(NestedProjects) = preSolution
		{B5499DCC-11B1-4184-9B5F-EB6698ED81CC} = {F2EDB193-115B-4130-AD44-028CE42D5370}
	EndGlobalSection
	GlobalSection(ExtensibilityGlobals) = postSolution
		SolutionGuid = {0FF408DA-BA95-4E67-A97F-BC359FDA25D0}
	EndGlobalSection
EndGlobal
